lockfileVersion: 5.4

specifiers:
  '@types/node': ^17.0.40
  prettier: ^2.6.2

dependencies:
  prettier: 2.6.2

devDependencies:
  '@types/node': 17.0.40

packages:

  /@types/node/17.0.40:
    resolution: {integrity: sha512-UXdBxNGqTMtm7hCwh9HtncFVLrXoqA3oJW30j6XWp5BH/wu3mVeaxo7cq5benFdBw34HB3XDT2TRPI7rXZ+mDg==}
    dev: true

  /prettier/2.6.2:
    resolution: {integrity: sha512-PkUpF+qoXTqhOeWL9fu7As8LXsIUZ1WYaJiY/a7McAQzxjk82OF0tibkFXVCDImZtWxbvojFjerkiLb0/q8mew==}
    engines: {node: '>=10.13.0'}
    hasBin: true
    dev: false
